
Microsoft Visual Studio Solution File, Format Version 12.00
# Visual Studio 15
VisualStudioVersion = 15.0.27130.2010
MinimumVisualStudioVersion = 10.0.40219.1
Project("{8BC9CEB8-8B4A-11D0-8D11-00A0C91BC942}") = "AHRS-Mohany", "AHRS-Mohany\AHRS-Mohany.vcxproj", "{A51BC015-64D1-45B1-8D93-BEE051DFA07E}"
EndProject
Global
	GlobalSection(SolutionConfigurationPlatforms) = preSolution
		Debug|x64 = Debug|x64
		Debug|x86 = Debug|x86
		Release|x64 = Release|x64
		Release|x86 = Release|x86
	EndGlobalSection
	GlobalSection(ProjectConfigurationPlatforms) = postSolution
		{A51BC015-64D1-45B1-8D93-BEE051DFA07E}.Debug|x64.ActiveCfg = Debug|x64
		{A51BC015-64D1-45B1-8D93-BEE051DFA07E}.Debug|x64.Build.0 = Debug|x64
		{A51BC015-64D1-45B1-8D93-BEE051DFA07E}.Debug|x86.ActiveCfg = Debug|Win32
		{A51BC015-64D1-45B1-8D93-BEE051DFA07E}.Debug|x86.Build.0 = Debug|Win32
		{A51BC015-64D1-45B1-8D93-BEE051DFA07E}.Release|x64.ActiveCfg = Release|x64
		{A51BC015-64D1-45B1-8D93-BEE051DFA07E}.Release|x64.Build.0 = Release|x64
		{A51BC015-64D1-45B1-8D93-BEE051DFA07E}.Release|x86.ActiveCfg = Release|Win32
		{A51BC015-64D1-45B1-8D93-BEE051DFA07E}.Release|x86.Build.0 = Release|Win32
	EndGlobalSection
	GlobalSection(SolutionProperties) = preSolution
		HideSolutionNode = FALSE
	EndGlobalSection
	GlobalSection(ExtensibilityGlobals) = postSolution
		SolutionGuid = {5E9A0C52-5172-4353-9F67-8A2805447EC7}
	EndGlobalSection
EndGlobal
